
Microsoft Visual Studio Solution File, Format Version 12.00
# Visual Studio 2013
VisualStudioVersion = 12.0.30501.0
MinimumVisualStudioVersion = 10.0.40219.1
Project("{FAE04EC0-301F-11D3-BF4B-00C04F79EFBC}") = "Pr05WiggleWiggle", "Pr05WiggleWiggle\Pr05WiggleWiggle.csproj", "{1A7E14E0-D191-4D35-8B48-A1F7ED0DAF63}"
EndProject
Project("{FAE04EC0-301F-11D3-BF4B-00C04F79EFBC}") = "Pr05WiggleWiggle_JohnString", "Pr05WiggleWiggle_JohnString\Pr05WiggleWiggle_JohnString.csproj", "{82995B0D-4528-432A-AB33-3C96E7904400}"
EndProject
Project("{FAE04EC0-301F-11D3-BF4B-00C04F79EFBC}") = "Pr04LightTheTorches", "Pr04LightTheTorches\Pr04LightTheTorches.csproj", "{E702CB95-D807-4644-B223-824AFEF2DCCE}"
EndProject
Project("{FAE04EC0-301F-11D3-BF4B-00C04F79EFBC}") = "Pr03SummerTimeForProgrammers", "Pr03SummerTimeForProgrammers\Pr03SummerTimeForProgrammers.csproj", "{940D75FF-65C0-47BA-9A9C-0ADEC827997D}"
EndProject
Project("{FAE04EC0-301F-11D3-BF4B-00C04F79EFBC}") = "Pr02DetectivBoev", "Pr02DetectivBoev\Pr02DetectivBoev.csproj", "{CC574795-B873-448C-83CC-A0D6AB21C333}"
EndProject
Project("{FAE04EC0-301F-11D3-BF4B-00C04F79EFBC}") = "Pr01FourFactors_Training", "Pr01FourFactors_Training\Pr01FourFactors_Training.csproj", "{9AD45E53-6A91-4D1F-9047-7507466AEC30}"
EndProject
Global
	GlobalSection(SolutionConfigurationPlatforms) = preSolution
		Debug|Any CPU = Debug|Any CPU
		Release|Any CPU = Release|Any CPU
	EndGlobalSection
	GlobalSection(ProjectConfigurationPlatforms) = postSolution
		{1A7E14E0-D191-4D35-8B48-A1F7ED0DAF63}.Debug|Any CPU.ActiveCfg = Debug|Any CPU
		{1A7E14E0-D191-4D35-8B48-A1F7ED0DAF63}.Debug|Any CPU.Build.0 = Debug|Any CPU
		{1A7E14E0-D191-4D35-8B48-A1F7ED0DAF63}.Release|Any CPU.ActiveCfg = Release|Any CPU
		{1A7E14E0-D191-4D35-8B48-A1F7ED0DAF63}.Release|Any CPU.Build.0 = Release|Any CPU
		{82995B0D-4528-432A-AB33-3C96E7904400}.Debug|Any CPU.ActiveCfg = Debug|Any CPU
		{82995B0D-4528-432A-AB33-3C96E7904400}.Debug|Any CPU.Build.0 = Debug|Any CPU
		{82995B0D-4528-432A-AB33-3C96E7904400}.Release|Any CPU.ActiveCfg = Release|Any CPU
		{82995B0D-4528-432A-AB33-3C96E7904400}.Release|Any CPU.Build.0 = Release|Any CPU
		{E702CB95-D807-4644-B223-824AFEF2DCCE}.Debug|Any CPU.ActiveCfg = Debug|Any CPU
		{E702CB95-D807-4644-B223-824AFEF2DCCE}.Debug|Any CPU.Build.0 = Debug|Any CPU
		{E702CB95-D807-4644-B223-824AFEF2DCCE}.Release|Any CPU.ActiveCfg = Release|Any CPU
		{E702CB95-D807-4644-B223-824AFEF2DCCE}.Release|Any CPU.Build.0 = Release|Any CPU
		{940D75FF-65C0-47BA-9A9C-0ADEC827997D}.Debug|Any CPU.ActiveCfg = Debug|Any CPU
		{940D75FF-65C0-47BA-9A9C-0ADEC827997D}.Debug|Any CPU.Build.0 = Debug|Any CPU
		{940D75FF-65C0-47BA-9A9C-0ADEC827997D}.Release|Any CPU.ActiveCfg = Release|Any CPU
		{940D75FF-65C0-47BA-9A9C-0ADEC827997D}.Release|Any CPU.Build.0 = Release|Any CPU
		{CC574795-B873-448C-83CC-A0D6AB21C333}.Debug|Any CPU.ActiveCfg = Debug|Any CPU
		{CC574795-B873-448C-83CC-A0D6AB21C333}.Debug|Any CPU.Build.0 = Debug|Any CPU
		{CC574795-B873-448C-83CC-A0D6AB21C333}.Release|Any CPU.ActiveCfg = Release|Any CPU
		{CC574795-B873-448C-83CC-A0D6AB21C333}.Release|Any CPU.Build.0 = Release|Any CPU
		{9AD45E53-6A91-4D1F-9047-7507466AEC30}.Debug|Any CPU.ActiveCfg = Debug|Any CPU
		{9AD45E53-6A91-4D1F-9047-7507466AEC30}.Debug|Any CPU.Build.0 = Debug|Any CPU
		{9AD45E53-6A91-4D1F-9047-7507466AEC30}.Release|Any CPU.ActiveCfg = Release|Any CPU
		{9AD45E53-6A91-4D1F-9047-7507466AEC30}.Release|Any CPU.Build.0 = Release|Any CPU
	EndGlobalSection
	GlobalSection(SolutionProperties) = preSolution
		HideSolutionNode = FALSE
	EndGlobalSection
EndGlobal
